
Microsoft Visual Studio Solution File, Format Version 12.00
# Visual Studio Version 17
VisualStudioVersion = 17.3.32804.467
MinimumVisualStudioVersion = 10.0.40219.1
Project("{9A19103F-16F7-4668-BE54-9A1E7A4F7556}") = "LibraryBookService", "WebApplication1\LibraryBookService.csproj", "{2F45C6BE-CB65-44E3-9DD2-0EADF66C06FF}"
EndProject
Global
	GlobalSection(SolutionConfigurationPlatforms) = preSolution
		Debug|Any CPU = Debug|Any CPU
		Release|Any CPU = Release|Any CPU
	EndGlobalSection
	GlobalSection(ProjectConfigurationPlatforms) = postSolution
		{2F45C6BE-CB65-44E3-9DD2-0EADF66C06FF}.Debug|Any CPU.ActiveCfg = Debug|Any CPU
		{2F45C6BE-CB65-44E3-9DD2-0EADF66C06FF}.Debug|Any CPU.Build.0 = Debug|Any CPU
		{2F45C6BE-CB65-44E3-9DD2-0EADF66C06FF}.Release|Any CPU.ActiveCfg = Release|Any CPU
		{2F45C6BE-CB65-44E3-9DD2-0EADF66C06FF}.Release|Any CPU.Build.0 = Release|Any CPU
	EndGlobalSection
	GlobalSection(SolutionProperties) = preSolution
		HideSolutionNode = FALSE
	EndGlobalSection
	GlobalSection(ExtensibilityGlobals) = postSolution
		SolutionGuid = {7FBC5726-E0AD-44FF-9D32-95675B5A53A9}
	EndGlobalSection
EndGlobal
